
Microsoft Visual Studio Solution File, Format Version 12.00
# Visual Studio Version 16
VisualStudioVersion = 16.0.29409.12
MinimumVisualStudioVersion = 10.0.40219.1
Project("{FAE04EC0-301F-11D3-BF4B-00C04F79EFBC}") = "CheatBlackList", "CheatBlackList\CheatBlackList.csproj", "{07B65592-48AF-4B3D-82BD-92778F9CA701}"
EndProject
Global
	GlobalSection(SolutionConfigurationPlatforms) = preSolution
		Debug|Any CPU = Debug|Any CPU
		Release|Any CPU = Release|Any CPU
	EndGlobalSection
	GlobalSection(ProjectConfigurationPlatforms) = postSolution
		{07B65592-48AF-4B3D-82BD-92778F9CA701}.Debug|Any CPU.ActiveCfg = Debug|Any CPU
		{07B65592-48AF-4B3D-82BD-92778F9CA701}.Debug|Any CPU.Build.0 = Debug|Any CPU
		{07B65592-48AF-4B3D-82BD-92778F9CA701}.Release|Any CPU.ActiveCfg = Release|Any CPU
		{07B65592-48AF-4B3D-82BD-92778F9CA701}.Release|Any CPU.Build.0 = Release|Any CPU
	EndGlobalSection
	GlobalSection(SolutionProperties) = preSolution
		HideSolutionNode = FALSE
	EndGlobalSection
	GlobalSection(ExtensibilityGlobals) = postSolution
		SolutionGuid = {0970E6E7-521A-49C3-B906-8F8634894A70}
	EndGlobalSection
EndGlobal
